
Microsoft Visual Studio Solution File, Format Version 12.00
# Visual Studio 2012
Project("{8BC9CEB8-8B4A-11D0-8D11-00A0C91BC942}") = "MandelbrotViewer", "MandelbrotViewer.vcxproj", "{A0E103DE-8EDF-47E5-AB4B-1F6490218CCE}"
EndProject
Global
	GlobalSection(SolutionConfigurationPlatforms) = preSolution
		Debug|ARM = Debug|ARM
		Debug|Win32 = Debug|Win32
		Debug|x64 = Debug|x64
		Release|ARM = Release|ARM
		Release|Win32 = Release|Win32
		Release|x64 = Release|x64
	EndGlobalSection
	GlobalSection(ProjectConfigurationPlatforms) = postSolution
		{A0E103DE-8EDF-47E5-AB4B-1F6490218CCE}.Debug|ARM.ActiveCfg = Debug|ARM
		{A0E103DE-8EDF-47E5-AB4B-1F6490218CCE}.Debug|ARM.Build.0 = Debug|ARM
		{A0E103DE-8EDF-47E5-AB4B-1F6490218CCE}.Debug|ARM.Deploy.0 = Debug|ARM
		{A0E103DE-8EDF-47E5-AB4B-1F6490218CCE}.Debug|Win32.ActiveCfg = Debug|Win32
		{A0E103DE-8EDF-47E5-AB4B-1F6490218CCE}.Debug|Win32.Build.0 = Debug|Win32
		{A0E103DE-8EDF-47E5-AB4B-1F6490218CCE}.Debug|Win32.Deploy.0 = Debug|Win32
		{A0E103DE-8EDF-47E5-AB4B-1F6490218CCE}.Debug|x64.ActiveCfg = Debug|x64
		{A0E103DE-8EDF-47E5-AB4B-1F6490218CCE}.Debug|x64.Build.0 = Debug|x64
		{A0E103DE-8EDF-47E5-AB4B-1F6490218CCE}.Debug|x64.Deploy.0 = Debug|x64
		{A0E103DE-8EDF-47E5-AB4B-1F6490218CCE}.Release|ARM.ActiveCfg = Release|ARM
		{A0E103DE-8EDF-47E5-AB4B-1F6490218CCE}.Release|ARM.Build.0 = Release|ARM
		{A0E103DE-8EDF-47E5-AB4B-1F6490218CCE}.Release|ARM.Deploy.0 = Release|ARM
		{A0E103DE-8EDF-47E5-AB4B-1F6490218CCE}.Release|Win32.ActiveCfg = Release|Win32
		{A0E103DE-8EDF-47E5-AB4B-1F6490218CCE}.Release|Win32.Build.0 = Release|Win32
		{A0E103DE-8EDF-47E5-AB4B-1F6490218CCE}.Release|Win32.Deploy.0 = Release|Win32
		{A0E103DE-8EDF-47E5-AB4B-1F6490218CCE}.Release|x64.ActiveCfg = Release|x64
		{A0E103DE-8EDF-47E5-AB4B-1F6490218CCE}.Release|x64.Build.0 = Release|x64
		{A0E103DE-8EDF-47E5-AB4B-1F6490218CCE}.Release|x64.Deploy.0 = Release|x64
	EndGlobalSection
	GlobalSection(SolutionProperties) = preSolution
		HideSolutionNode = FALSE
	EndGlobalSection
EndGlobal
